PODS:
  - CoreGPX (0.9.0)
  - MapCache (0.10.0)

DEPENDENCIES:
  - CoreGPX
  - MapCache

SPEC REPOS:
  trunk:
    - CoreGPX
    - MapCache

SPEC CHECKSUMS:
  CoreGPX: 1381c8c47428c3a6bcac2f93d25ca1c5e3525811
  MapCache: d5954fb8dd61e3bcd579d65c2b7b12916feaf975

PODFILE CHECKSUM: e8f57ea1bee40220671d8b0ae3d53322650be610

COCOAPODS: 1.16.2
